// !$*UTF8*$!
{
	archiveVersion = 1;
	classes = {
	};
	objectVersion = 56;
	objects = {

/* Begin PBXBuildFile section */
		DD012A242D823690003B6E65 /* RxTest in Frameworks */ = {isa = PBXBuildFile; productRef = DD012A232D823690003B6E65 /* RxTest */; };
		DD012A262D82369C003B6E65 /* RxBlocking in Frameworks */ = {isa = PBXBuildFile; productRef = DD012A252D82369C003B6E65 /* RxBlocking */; };
		DD012A2A2D823986003B6E65 /* MovieListViewModelTests.swift in Sources */ = {isa = PBXBuildFile; fileRef = DD012A212D82354B003B6E65 /* MovieListViewModelTests.swift */; };
		DD012A2B2D82398B003B6E65 /* CinemaUITestsLaunchTests.swift in Sources */ = {isa = PBXBuildFile; fileRef = DD34F30E2D80328F00DDFFF1 /* CinemaUITestsLaunchTests.swift */; };
		DD012A2C2D82398D003B6E65 /* MockAPIServices.swift in Sources */ = {isa = PBXBuildFile; fileRef = DD012A272D82370A003B6E65 /* MockAPIServices.swift */; };
		DD012A2E2D8246DE003B6E65 /* MockCoreDataManager.swift in Sources */ = {isa = PBXBuildFile; fileRef = DD012A2D2D8246DE003B6E65 /* MockCoreDataManager.swift */; };
		DD012A312D829D68003B6E65 /* WebViewViewController.swift in Sources */ = {isa = PBXBuildFile; fileRef = DD012A302D829D68003B6E65 /* WebViewViewController.swift */; };
		DD0C51082D80F5910043D388 /* APIService.swift in Sources */ = {isa = PBXBuildFile; fileRef = DD0C51072D80F5910043D388 /* APIService.swift */; };
		DD0C510A2D8102470043D388 /* MovieListResponse.swift in Sources */ = {isa = PBXBuildFile; fileRef = DD0C51092D8102470043D388 /* MovieListResponse.swift */; };
		DD0C510C2D8104C90043D388 /* MovieListViewModel.swift in Sources */ = {isa = PBXBuildFile; fileRef = DD0C510B2D8104C90043D388 /* MovieListViewModel.swift */; };
		DD0DFF292D86B2AC00258E40 /* MovieEntity+CoreDataClass.swift in Sources */ = {isa = PBXBuildFile; fileRef = DD0DFF272D86B2AC00258E40 /* MovieEntity+CoreDataClass.swift */; };
		DD0DFF2A2D86B2AC00258E40 /* MovieEntity+CoreDataProperties.swift in Sources */ = {isa = PBXBuildFile; fileRef = DD0DFF282D86B2AC00258E40 /* MovieEntity+CoreDataProperties.swift */; };
		DD34F2EC2D80328D00DDFFF1 /* AppDelegate.swift in Sources */ = {isa = PBXBuildFile; fileRef = DD34F2EB2D80328D00DDFFF1 /* AppDelegate.swift */; };
		DD34F2EE2D80328D00DDFFF1 /* SceneDelegate.swift in Sources */ = {isa = PBXBuildFile; fileRef = DD34F2ED2D80328D00DDFFF1 /* SceneDelegate.swift */; };
		DD34F2F02D80328D00DDFFF1 /* ViewController.swift in Sources */ = {isa = PBXBuildFile; fileRef = DD34F2EF2D80328D00DDFFF1 /* ViewController.swift */; };
		DD34F2F82D80328E00DDFFF1 /* Base in Resources */ = {isa = PBXBuildFile; fileRef = DD34F2F72D80328E00DDFFF1 /* Base */; };
		DD34F3032D80328F00DDFFF1 /* CinemaTests.swift in Sources */ = {isa = PBXBuildFile; fileRef = DD34F3022D80328F00DDFFF1 /* CinemaTests.swift */; };
		DD34F30D2D80328F00DDFFF1 /* CinemaUITests.swift in Sources */ = {isa = PBXBuildFile; fileRef = DD34F30C2D80328F00DDFFF1 /* CinemaUITests.swift */; };
		DD8C5AFA2D81586700B10EA7 /* RxSwift in Frameworks */ = {isa = PBXBuildFile; productRef = DD8C5AF92D81586700B10EA7 /* RxSwift */; };
		DD8C5AFD2D815C7700B10EA7 /* RxMoya in Frameworks */ = {isa = PBXBuildFile; productRef = DD8C5AFC2D815C7700B10EA7 /* RxMoya */; };
		DD8C5AFF2D815D0100B10EA7 /* RxCocoa in Frameworks */ = {isa = PBXBuildFile; productRef = DD8C5AFE2D815D0100B10EA7 /* RxCocoa */; };
		DD8C5B012D81826900B10EA7 /* LoadingCell.swift in Sources */ = {isa = PBXBuildFile; fileRef = DD8C5B002D81826900B10EA7 /* LoadingCell.swift */; };
		DD8C5B042D81914600B10EA7 /* SkeletonView in Frameworks */ = {isa = PBXBuildFile; productRef = DD8C5B032D81914600B10EA7 /* SkeletonView */; };
		DD8C5B072D8198FE00B10EA7 /* SDWebImage in Frameworks */ = {isa = PBXBuildFile; productRef = DD8C5B062D8198FE00B10EA7 /* SDWebImage */; };
		DD8C5B0A2D81A38D00B10EA7 /* CoreDataManager.swift in Sources */ = {isa = PBXBuildFile; fileRef = DD8C5B092D81A38D00B10EA7 /* CoreDataManager.swift */; };
		DD8C5B102D81D0A400B10EA7 /* MoviesModel.xcdatamodeld in Sources */ = {isa = PBXBuildFile; fileRef = DD8C5B0E2D81D0A400B10EA7 /* MoviesModel.xcdatamodeld */; };
		DD8C5B1F2D81E9A600B10EA7 /* Toast in Frameworks */ = {isa = PBXBuildFile; productRef = DD8C5B1E2D81E9A600B10EA7 /* Toast */; };
		DDBF85242D8109C9009254B5 /* Moya in Frameworks */ = {isa = PBXBuildFile; productRef = DDBF85232D8109C9009254B5 /* Moya */; };
		DDBF85262D81345E009254B5 /* MovieDetailsResponse.swift in Sources */ = {isa = PBXBuildFile; fileRef = DDBF85252D81345E009254B5 /* MovieDetailsResponse.swift */; };
		DDBF85282D81356A009254B5 /* MovieDetailsViewModel.swift in Sources */ = {isa = PBXBuildFile; fileRef = DDBF85272D81356A009254B5 /* MovieDetailsViewModel.swift */; };
		DDBF852E2D8140F3009254B5 /* UrlConstants.swift in Sources */ = {isa = PBXBuildFile; fileRef = DDBF852D2D8140F3009254B5 /* UrlConstants.swift */; };
		DDCBDDC92D805379007E5D92 /* MovieListTableViewCell.swift in Sources */ = {isa = PBXBuildFile; fileRef = DDCBDDC82D805379007E5D92 /* MovieListTableViewCell.swift */; };
		DDCBDDCC2D809D37007E5D92 /* DetailViewController.swift in Sources */ = {isa = PBXBuildFile; fileRef = DDCBDDCB2D809D37007E5D92 /* DetailViewController.swift */; };
/* End PBXBuildFile section */

/* Begin PBXContainerItemProxy section */
		DD34F2FF2D80328F00DDFFF1 /* PBXContainerItemProxy */ = {
			isa = PBXContainerItemProxy;
			containerPortal = DD34F2E02D80328D00DDFFF1 /* Project object */;
			proxyType = 1;
			remoteGlobalIDString = DD34F2E72D80328D00DDFFF1;
			remoteInfo = Cinema;
		};
		DD34F3092D80328F00DDFFF1 /* PBXContainerItemProxy */ = {
			isa = PBXContainerItemProxy;
			containerPortal = DD34F2E02D80328D00DDFFF1 /* Project object */;
			proxyType = 1;
			remoteGlobalIDString = DD34F2E72D80328D00DDFFF1;
			remoteInfo = Cinema;
		};
/* End PBXContainerItemProxy section */

/* Begin PBXFileReference section */
		DD012A212D82354B003B6E65 /* MovieListViewModelTests.swift */ = {isa = PBXFileReference; lastKnownFileType = sourcecode.swift; path = MovieListViewModelTests.swift; sourceTree = "<group>"; };
		DD012A272D82370A003B6E65 /* MockAPIServices.swift */ = {isa = PBXFileReference; lastKnownFileType = sourcecode.swift; path = MockAPIServices.swift; sourceTree = "<group>"; };
		DD012A2D2D8246DE003B6E65 /* MockCoreDataManager.swift */ = {isa = PBXFileReference; lastKnownFileType = sourcecode.swift; path = MockCoreDataManager.swift; sourceTree = "<group>"; };
		DD012A302D829D68003B6E65 /* WebViewViewController.swift */ = {isa = PBXFileReference; lastKnownFileType = sourcecode.swift; path = WebViewViewController.swift; sourceTree = "<group>"; };
		DD0C51072D80F5910043D388 /* APIService.swift */ = {isa = PBXFileReference; lastKnownFileType = sourcecode.swift; path = APIService.swift; sourceTree = "<group>"; };
		DD0C51092D8102470043D388 /* MovieListResponse.swift */ = {isa = PBXFileReference; lastKnownFileType = sourcecode.swift; path = MovieListResponse.swift; sourceTree = "<group>"; };
		DD0C510B2D8104C90043D388 /* MovieListViewModel.swift */ = {isa = PBXFileReference; lastKnownFileType = sourcecode.swift; path = MovieListViewModel.swift; sourceTree = "<group>"; };
		DD0DFF272D86B2AC00258E40 /* MovieEntity+CoreDataClass.swift */ = {isa = PBXFileReference; lastKnownFileType = sourcecode.swift; path = "MovieEntity+CoreDataClass.swift"; sourceTree = "<group>"; };
		DD0DFF282D86B2AC00258E40 /* MovieEntity+CoreDataProperties.swift */ = {isa = PBXFileReference; lastKnownFileType = sourcecode.swift; path = "MovieEntity+CoreDataProperties.swift"; sourceTree = "<group>"; };
		DD34F2E82D80328D00DDFFF1 /* Cinema.app */ = {isa = PBXFileReference; explicitFileType = wrapper.application; includeInIndex = 0; path = Cinema.app; sourceTree = BUILT_PRODUCTS_DIR; };
		DD34F2EB2D80328D00DDFFF1 /* AppDelegate.swift */ = {isa = PBXFileReference; lastKnownFileType = sourcecode.swift; path = AppDelegate.swift; sourceTree = "<group>"; };
		DD34F2ED2D80328D00DDFFF1 /* SceneDelegate.swift */ = {isa = PBXFileReference; lastKnownFileType = sourcecode.swift; path = SceneDelegate.swift; sourceTree = "<group>"; };
		DD34F2EF2D80328D00DDFFF1 /* ViewController.swift */ = {isa = PBXFileReference; lastKnownFileType = sourcecode.swift; path = ViewController.swift; sourceTree = "<group>"; };
		DD34F2F72D80328E00DDFFF1 /* Base */ = {isa = PBXFileReference; lastKnownFileType = file.storyboard; name = Base; path = Base.lproj/LaunchScreen.storyboard; sourceTree = "<group>"; };
		DD34F2F92D80328E00DDFFF1 /* Info.plist */ = {isa = PBXFileReference; lastKnownFileType = text.plist.xml; path = Info.plist; sourceTree = "<group>"; };
		DD34F2FE2D80328F00DDFFF1 /* CinemaTests.xctest */ = {isa = PBXFileReference; explicitFileType = wrapper.cfbundle; includeInIndex = 0; path = CinemaTests.xctest; sourceTree = BUILT_PRODUCTS_DIR; };
		DD34F3022D80328F00DDFFF1 /* CinemaTests.swift */ = {isa = PBXFileReference; lastKnownFileType = sourcecode.swift; path = CinemaTests.swift; sourceTree = "<group>"; };
		DD34F3082D80328F00DDFFF1 /* CinemaUITests.xctest */ = {isa = PBXFileReference; explicitFileType = wrapper.cfbundle; includeInIndex = 0; path = CinemaUITests.xctest; sourceTree = BUILT_PRODUCTS_DIR; };
		DD34F30C2D80328F00DDFFF1 /* CinemaUITests.swift */ = {isa = PBXFileReference; lastKnownFileType = sourcecode.swift; path = CinemaUITests.swift; sourceTree = "<group>"; };
		DD34F30E2D80328F00DDFFF1 /* CinemaUITestsLaunchTests.swift */ = {isa = PBXFileReference; lastKnownFileType = sourcecode.swift; path = CinemaUITestsLaunchTests.swift; sourceTree = "<group>"; };
		DD8C5B002D81826900B10EA7 /* LoadingCell.swift */ = {isa = PBXFileReference; lastKnownFileType = sourcecode.swift; path = LoadingCell.swift; sourceTree = "<group>"; };
		DD8C5B092D81A38D00B10EA7 /* CoreDataManager.swift */ = {isa = PBXFileReference; lastKnownFileType = sourcecode.swift; path = CoreDataManager.swift; sourceTree = "<group>"; };
		DD8C5B0F2D81D0A400B10EA7 /* MoviesModel.xcdatamodel */ = {isa = PBXFileReference; lastKnownFileType = wrapper.xcdatamodel; path = MoviesModel.xcdatamodel; sourceTree = "<group>"; };
		DDBF85252D81345E009254B5 /* MovieDetailsResponse.swift */ = {isa = PBXFileReference; lastKnownFileType = sourcecode.swift; path = MovieDetailsResponse.swift; sourceTree = "<group>"; };
		DDBF85272D81356A009254B5 /* MovieDetailsViewModel.swift */ = {isa = PBXFileReference; lastKnownFileType = sourcecode.swift; path = MovieDetailsViewModel.swift; sourceTree = "<group>"; };
		DDBF852D2D8140F3009254B5 /* UrlConstants.swift */ = {isa = PBXFileReference; lastKnownFileType = sourcecode.swift; path = UrlConstants.swift; sourceTree = "<group>"; };
		DDCBDDC82D805379007E5D92 /* MovieListTableViewCell.swift */ = {isa = PBXFileReference; lastKnownFileType = sourcecode.swift; path = MovieListTableViewCell.swift; sourceTree = "<group>"; };
		DDCBDDCB2D809D37007E5D92 /* DetailViewController.swift */ = {isa = PBXFileReference; lastKnownFileType = sourcecode.swift; path = DetailViewController.swift; sourceTree = "<group>"; };
/* End PBXFileReference section */

/* Begin PBXFrameworksBuildPhase section */
		DD34F2E52D80328D00DDFFF1 /* Frameworks */ = {
			isa = PBXFrameworksBuildPhase;
			buildActionMask = 2147483647;
			files = (
				DD8C5B072D8198FE00B10EA7 /* SDWebImage in Frameworks */,
				DD8C5AFD2D815C7700B10EA7 /* RxMoya in Frameworks */,
				DD8C5AFA2D81586700B10EA7 /* RxSwift in Frameworks */,
				DD8C5AFF2D815D0100B10EA7 /* RxCocoa in Frameworks */,
				DDBF85242D8109C9009254B5 /* Moya in Frameworks */,
				DD8C5B1F2D81E9A600B10EA7 /* Toast in Frameworks */,
				DD8C5B042D81914600B10EA7 /* SkeletonView in Frameworks */,
			);
			runOnlyForDeploymentPostprocessing = 0;
		};
		DD34F2FB2D80328F00DDFFF1 /* Frameworks */ = {
			isa = PBXFrameworksBuildPhase;
			buildActionMask = 2147483647;
			files = (
				DD012A242D823690003B6E65 /* RxTest in Frameworks */,
				DD012A262D82369C003B6E65 /* RxBlocking in Frameworks */,
			);
			runOnlyForDeploymentPostprocessing = 0;
		};
		DD34F3052D80328F00DDFFF1 /* Frameworks */ = {
			isa = PBXFrameworksBuildPhase;
			buildActionMask = 2147483647;
			files = (
			);
			runOnlyForDeploymentPostprocessing = 0;
		};
/* End PBXFrameworksBuildPhase section */

/* Begin PBXGroup section */
		DD012A2F2D8246E2003B6E65 /* MockData */ = {
			isa = PBXGroup;
			children = (
				DD012A272D82370A003B6E65 /* MockAPIServices.swift */,
				DD012A2D2D8246DE003B6E65 /* MockCoreDataManager.swift */,
			);
			path = MockData;
			sourceTree = "<group>";
		};
		DD0C51062D80F5590043D388 /* Services */ = {
			isa = PBXGroup;
			children = (
				DD0C51072D80F5910043D388 /* APIService.swift */,
			);
			path = Services;
			sourceTree = "<group>";
		};
		DD34F2DF2D80328D00DDFFF1 = {
			isa = PBXGroup;
			children = (
				DD34F2EA2D80328D00DDFFF1 /* Cinema */,
				DD34F3012D80328F00DDFFF1 /* CinemaTests */,
				DD34F30B2D80328F00DDFFF1 /* CinemaUITests */,
				DD34F2E92D80328D00DDFFF1 /* Products */,
				DDBF85222D8109C9009254B5 /* Frameworks */,
			);
			sourceTree = "<group>";
		};
		DD34F2E92D80328D00DDFFF1 /* Products */ = {
			isa = PBXGroup;
			children = (
				DD34F2E82D80328D00DDFFF1 /* Cinema.app */,
				DD34F2FE2D80328F00DDFFF1 /* CinemaTests.xctest */,
				DD34F3082D80328F00DDFFF1 /* CinemaUITests.xctest */,
			);
			name = Products;
			sourceTree = "<group>";
		};
		DD34F2EA2D80328D00DDFFF1 /* Cinema */ = {
			isa = PBXGroup;
			children = (
				DD8C5B082D81A37D00B10EA7 /* Persistence */,
				DDBF852C2D8140E1009254B5 /* Constants */,
				DDCBDDCA2D809CF9007E5D92 /* Base */,
				DDCBDDC72D804A66007E5D92 /* Views */,
				DDCBDDC62D804A45007E5D92 /* Controllers */,
				DDCBDDC52D804A3F007E5D92 /* ViewModels */,
				DDCBDDC42D804A39007E5D92 /* Models */,
				DD0C51062D80F5590043D388 /* Services */,
				DD34F2F92D80328E00DDFFF1 /* Info.plist */,
			);
			path = Cinema;
			sourceTree = "<group>";
		};
		DD34F3012D80328F00DDFFF1 /* CinemaTests */ = {
			isa = PBXGroup;
			children = (
				DD012A2F2D8246E2003B6E65 /* MockData */,
				DD34F3022D80328F00DDFFF1 /* CinemaTests.swift */,
				DD012A212D82354B003B6E65 /* MovieListViewModelTests.swift */,
			);
			path = CinemaTests;
			sourceTree = "<group>";
		};
		DD34F30B2D80328F00DDFFF1 /* CinemaUITests */ = {
			isa = PBXGroup;
			children = (
				DD34F30C2D80328F00DDFFF1 /* CinemaUITests.swift */,
				DD34F30E2D80328F00DDFFF1 /* CinemaUITestsLaunchTests.swift */,
			);
			path = CinemaUITests;
			sourceTree = "<group>";
		};
		DD8C5B082D81A37D00B10EA7 /* Persistence */ = {
			isa = PBXGroup;
			children = (
				DD8C5B092D81A38D00B10EA7 /* CoreDataManager.swift */,
				DD8C5B0E2D81D0A400B10EA7 /* MoviesModel.xcdatamodeld */,
				DD0DFF272D86B2AC00258E40 /* MovieEntity+CoreDataClass.swift */,
				DD0DFF282D86B2AC00258E40 /* MovieEntity+CoreDataProperties.swift */,
			);
			path = Persistence;
			sourceTree = "<group>";
		};
		DDBF85222D8109C9009254B5 /* Frameworks */ = {
			isa = PBXGroup;
			children = (
			);
			name = Frameworks;
			sourceTree = "<group>";
		};
		DDBF852C2D8140E1009254B5 /* Constants */ = {
			isa = PBXGroup;
			children = (
				DDBF852D2D8140F3009254B5 /* UrlConstants.swift */,
			);
			path = Constants;
			sourceTree = "<group>";
		};
		DDCBDDC42D804A39007E5D92 /* Models */ = {
			isa = PBXGroup;
			children = (
				DD0C51092D8102470043D388 /* MovieListResponse.swift */,
				DDBF85252D81345E009254B5 /* MovieDetailsResponse.swift */,
			);
			path = Models;
			sourceTree = "<group>";
		};
		DDCBDDC52D804A3F007E5D92 /* ViewModels */ = {
			isa = PBXGroup;
			children = (
				DD0C510B2D8104C90043D388 /* MovieListViewModel.swift */,
				DDBF85272D81356A009254B5 /* MovieDetailsViewModel.swift */,
			);
			path = ViewModels;
			sourceTree = "<group>";
		};
		DDCBDDC62D804A45007E5D92 /* Controllers */ = {
			isa = PBXGroup;
			children = (
				DD34F2EF2D80328D00DDFFF1 /* ViewController.swift */,
				DDCBDDCB2D809D37007E5D92 /* DetailViewController.swift */,
				DD012A302D829D68003B6E65 /* WebViewViewController.swift */,
			);
			path = Controllers;
			sourceTree = "<group>";
		};
		DDCBDDC72D804A66007E5D92 /* Views */ = {
			isa = PBXGroup;
			children = (
				DDCBDDC82D805379007E5D92 /* MovieListTableViewCell.swift */,
				DD8C5B002D81826900B10EA7 /* LoadingCell.swift */,
			);
			path = Views;
			sourceTree = "<group>";
		};
		DDCBDDCA2D809CF9007E5D92 /* Base */ = {
			isa = PBXGroup;
			children = (
				DD34F2EB2D80328D00DDFFF1 /* AppDelegate.swift */,
				DD34F2ED2D80328D00DDFFF1 /* SceneDelegate.swift */,
				DD34F2F62D80328E00DDFFF1 /* LaunchScreen.storyboard */,
			);
			path = Base;
			sourceTree = "<group>";
		};
/* End PBXGroup section */

/* Begin PBXNativeTarget section */
		DD34F2E72D80328D00DDFFF1 /* Cinema */ = {
			isa = PBXNativeTarget;
			buildConfigurationList = DD34F3122D80328F00DDFFF1 /* Build configuration list for PBXNativeTarget "Cinema" */;
			buildPhases = (
				DD34F2E42D80328D00DDFFF1 /* Sources */,
				DD34F2E52D80328D00DDFFF1 /* Frameworks */,
				DD34F2E62D80328D00DDFFF1 /* Resources */,
			);
			buildRules = (
			);
			dependencies = (
			);
			name = Cinema;
			packageProductDependencies = (
				DDBF85232D8109C9009254B5 /* Moya */,
				DD8C5AF92D81586700B10EA7 /* RxSwift */,
				DD8C5AFC2D815C7700B10EA7 /* RxMoya */,
				DD8C5AFE2D815D0100B10EA7 /* RxCocoa */,
				DD8C5B032D81914600B10EA7 /* SkeletonView */,
				DD8C5B062D8198FE00B10EA7 /* SDWebImage */,
				DD8C5B1E2D81E9A600B10EA7 /* Toast */,
			);
			productName = Cinema;
			productReference = DD34F2E82D80328D00DDFFF1 /* Cinema.app */;
			productType = "com.apple.product-type.application";
		};
		DD34F2FD2D80328F00DDFFF1 /* CinemaTests */ = {
			isa = PBXNativeTarget;
			buildConfigurationList = DD34F3152D80328F00DDFFF1 /* Build configuration list for PBXNativeTarget "CinemaTests" */;
			buildPhases = (
				DD34F2FA2D80328F00DDFFF1 /* Sources */,
				DD34F2FB2D80328F00DDFFF1 /* Frameworks */,
				DD34F2FC2D80328F00DDFFF1 /* Resources */,
			);
			buildRules = (
			);
			dependencies = (
				DD34F3002D80328F00DDFFF1 /* PBXTargetDependency */,
			);
			name = CinemaTests;
			packageProductDependencies = (
				DD012A232D823690003B6E65 /* RxTest */,
				DD012A252D82369C003B6E65 /* RxBlocking */,
			);
			productName = CinemaTests;
			productReference = DD34F2FE2D80328F00DDFFF1 /* CinemaTests.xctest */;
			productType = "com.apple.product-type.bundle.unit-test";
		};
		DD34F3072D80328F00DDFFF1 /* CinemaUITests */ = {
			isa = PBXNativeTarget;
			buildConfigurationList = DD34F3182D80328F00DDFFF1 /* Build configuration list for PBXNativeTarget "CinemaUITests" */;
			buildPhases = (
				DD34F3042D80328F00DDFFF1 /* Sources */,
				DD34F3052D80328F00DDFFF1 /* Frameworks */,
				DD34F3062D80328F00DDFFF1 /* Resources */,
			);
			buildRules = (
			);
			dependencies = (
				DD34F30A2D80328F00DDFFF1 /* PBXTargetDependency */,
			);
			name = CinemaUITests;
			productName = CinemaUITests;
			productReference = DD34F3082D80328F00DDFFF1 /* CinemaUITests.xctest */;
			productType = "com.apple.product-type.bundle.ui-testing";
		};
/* End PBXNativeTarget section */

/* Begin PBXProject section */
		DD34F2E02D80328D00DDFFF1 /* Project object */ = {
			isa = PBXProject;
			attributes = {
				BuildIndependentTargetsInParallel = 1;
				LastSwiftUpdateCheck = 1540;
				LastUpgradeCheck = 1540;
				TargetAttributes = {
					DD34F2E72D80328D00DDFFF1 = {
						CreatedOnToolsVersion = 15.4;
					};
					DD34F2FD2D80328F00DDFFF1 = {
						CreatedOnToolsVersion = 15.4;
						TestTargetID = DD34F2E72D80328D00DDFFF1;
					};
					DD34F3072D80328F00DDFFF1 = {
						CreatedOnToolsVersion = 15.4;
						TestTargetID = DD34F2E72D80328D00DDFFF1;
					};
				};
			};
			buildConfigurationList = DD34F2E32D80328D00DDFFF1 /* Build configuration list for PBXProject "Cinema" */;
			compatibilityVersion = "Xcode 14.0";
			developmentRegion = en;
			hasScannedForEncodings = 0;
			knownRegions = (
				en,
				Base,
			);
			mainGroup = DD34F2DF2D80328D00DDFFF1;
			packageReferences = (
				DD34F31B2D8038FA00DDFFF1 /* XCRemoteSwiftPackageReference "Alamofire" */,
				DD34F31C2D8039D800DDFFF1 /* XCRemoteSwiftPackageReference "Moya" */,
				DDBF852F2D8153FF009254B5 /* XCRemoteSwiftPackageReference "RxSwift" */,
				DD8C5B022D81872200B10EA7 /* XCRemoteSwiftPackageReference "SkeletonView" */,
				DD8C5B052D8198E300B10EA7 /* XCRemoteSwiftPackageReference "SDWebImage" */,
				DD8C5B1D2D81E93800B10EA7 /* XCRemoteSwiftPackageReference "Toast-Swift" */,
			);
			productRefGroup = DD34F2E92D80328D00DDFFF1 /* Products */;
			projectDirPath = "";
			projectRoot = "";
			targets = (
				DD34F2E72D80328D00DDFFF1 /* Cinema */,
				DD34F2FD2D80328F00DDFFF1 /* CinemaTests */,
				DD34F3072D80328F00DDFFF1 /* CinemaUITests */,
			);
		};
/* End PBXProject section */

/* Begin PBXResourcesBuildPhase section */
		DD34F2E62D80328D00DDFFF1 /* Resources */ = {
			isa = PBXResourcesBuildPhase;
			buildActionMask = 2147483647;
			files = (
				DD34F2F82D80328E00DDFFF1 /* Base in Resources */,
			);
			runOnlyForDeploymentPostprocessing = 0;
		};
		DD34F2FC2D80328F00DDFFF1 /* Resources */ = {
			isa = PBXResourcesBuildPhase;
			buildActionMask = 2147483647;
			files = (
			);
			runOnlyForDeploymentPostprocessing = 0;
		};
		DD34F3062D80328F00DDFFF1 /* Resources */ = {
			isa = PBXResourcesBuildPhase;
			buildActionMask = 2147483647;
			files = (
			);
			runOnlyForDeploymentPostprocessing = 0;
		};
/* End PBXResourcesBuildPhase section */

/* Begin PBXSourcesBuildPhase section */
		DD34F2E42D80328D00DDFFF1 /* Sources */ = {
			isa = PBXSourcesBuildPhase;
			buildActionMask = 2147483647;
			files = (
				DDBF85282D81356A009254B5 /* MovieDetailsViewModel.swift in Sources */,
				DD34F2F02D80328D00DDFFF1 /* ViewController.swift in Sources */,
				DD0DFF292D86B2AC00258E40 /* MovieEntity+CoreDataClass.swift in Sources */,
				DD0DFF2A2D86B2AC00258E40 /* MovieEntity+CoreDataProperties.swift in Sources */,
				DD8C5B102D81D0A400B10EA7 /* MoviesModel.xcdatamodeld in Sources */,
				DD34F2EC2D80328D00DDFFF1 /* AppDelegate.swift in Sources */,
				DD012A312D829D68003B6E65 /* WebViewViewController.swift in Sources */,
				DDCBDDCC2D809D37007E5D92 /* DetailViewController.swift in Sources */,
				DD0C510C2D8104C90043D388 /* MovieListViewModel.swift in Sources */,
				DDCBDDC92D805379007E5D92 /* MovieListTableViewCell.swift in Sources */,
				DD8C5B012D81826900B10EA7 /* LoadingCell.swift in Sources */,
				DD8C5B0A2D81A38D00B10EA7 /* CoreDataManager.swift in Sources */,
				DD0C51082D80F5910043D388 /* APIService.swift in Sources */,
				DDBF85262D81345E009254B5 /* MovieDetailsResponse.swift in Sources */,
				DD34F2EE2D80328D00DDFFF1 /* SceneDelegate.swift in Sources */,
				DD0C510A2D8102470043D388 /* MovieListResponse.swift in Sources */,
				DDBF852E2D8140F3009254B5 /* UrlConstants.swift in Sources */,
			);
			runOnlyForDeploymentPostprocessing = 0;
		};
		DD34F2FA2D80328F00DDFFF1 /* Sources */ = {
			isa = PBXSourcesBuildPhase;
			buildActionMask = 2147483647;
			files = (
				DD012A2E2D8246DE003B6E65 /* MockCoreDataManager.swift in Sources */,
				DD34F3032D80328F00DDFFF1 /* CinemaTests.swift in Sources */,
				DD012A2C2D82398D003B6E65 /* MockAPIServices.swift in Sources */,
				DD012A2A2D823986003B6E65 /* MovieListViewModelTests.swift in Sources */,
			);
			runOnlyForDeploymentPostprocessing = 0;
		};
		DD34F3042D80328F00DDFFF1 /* Sources */ = {
			isa = PBXSourcesBuildPhase;
			buildActionMask = 2147483647;
			files = (
				DD012A2B2D82398B003B6E65 /* CinemaUITestsLaunchTests.swift in Sources */,
				DD34F30D2D80328F00DDFFF1 /* CinemaUITests.swift in Sources */,
			);
			runOnlyForDeploymentPostprocessing = 0;
		};
/* End PBXSourcesBuildPhase section */

/* Begin PBXTargetDependency section */
		DD34F3002D80328F00DDFFF1 /* PBXTargetDependency */ = {
			isa = PBXTargetDependency;
			target = DD34F2E72D80328D00DDFFF1 /* Cinema */;
			targetProxy = DD34F2FF2D80328F00DDFFF1 /* PBXContainerItemProxy */;
		};
		DD34F30A2D80328F00DDFFF1 /* PBXTargetDependency */ = {
			isa = PBXTargetDependency;
			target = DD34F2E72D80328D00DDFFF1 /* Cinema */;
			targetProxy = DD34F3092D80328F00DDFFF1 /* PBXContainerItemProxy */;
		};
/* End PBXTargetDependency section */

/* Begin PBXVariantGroup section */
		DD34F2F62D80328E00DDFFF1 /* LaunchScreen.storyboard */ = {
			isa = PBXVariantGroup;
			children = (
				DD34F2F72D80328E00DDFFF1 /* Base */,
			);
			name = LaunchScreen.storyboard;
			sourceTree = "<group>";
		};
/* End PBXVariantGroup section */

/* Begin XCBuildConfiguration section */
		DD34F3102D80328F00DDFFF1 /* Debug */ = {
			isa = XCBuildConfiguration;
			buildSettings = {
				ALWAYS_SEARCH_USER_PATHS = NO;
				ASSETCATALOG_COMPILER_GENERATE_SWIFT_ASSET_SYMBOL_EXTENSIONS = YES;
				CLANG_ANALYZER_NONNULL = YES;
				CLANG_ANALYZER_NUMBER_OBJECT_CONVERSION = YES_AGGRESSIVE;
				CLANG_CXX_LANGUAGE_STANDARD = "gnu++20";
				CLANG_ENABLE_MODULES = YES;
				CLANG_ENABLE_OBJC_ARC = YES;
				CLANG_ENABLE_OBJC_WEAK = YES;
				CLANG_WARN_BLOCK_CAPTURE_AUTORELEASING = YES;
				CLANG_WARN_BOOL_CONVERSION = YES;
				CLANG_WARN_COMMA = YES;
				CLANG_WARN_CONSTANT_CONVERSION = YES;
				CLANG_WARN_DEPRECATED_OBJC_IMPLEMENTATIONS = YES;
				CLANG_WARN_DIRECT_OBJC_ISA_USAGE = YES_ERROR;
				CLANG_WARN_DOCUMENTATION_COMMENTS = YES;
				CLANG_WARN_EMPTY_BODY = YES;
				CLANG_WARN_ENUM_CONVERSION = YES;
				CLANG_WARN_INFINITE_RECURSION = YES;
				CLANG_WARN_INT_CONVERSION = YES;
				CLANG_WARN_NON_LITERAL_NULL_CONVERSION = YES;
				CLANG_WARN_OBJC_IMPLICIT_RETAIN_SELF = YES;
				CLANG_WARN_OBJC_LITERAL_CONVERSION = YES;
				CLANG_WARN_OBJC_ROOT_CLASS = YES_ERROR;
				CLANG_WARN_QUOTED_INCLUDE_IN_FRAMEWORK_HEADER = YES;
				CLANG_WARN_RANGE_LOOP_ANALYSIS = YES;
				CLANG_WARN_STRICT_PROTOTYPES = YES;
				CLANG_WARN_SUSPICIOUS_MOVE = YES;
				CLANG_WARN_UNGUARDED_AVAILABILITY = YES_AGGRESSIVE;
				CLANG_WARN_UNREACHABLE_CODE = YES;
				CLANG_WARN__DUPLICATE_METHOD_MATCH = YES;
				COPY_PHASE_STRIP = NO;
				DEBUG_INFORMATION_FORMAT = dwarf;
				ENABLE_STRICT_OBJC_MSGSEND = YES;
				ENABLE_TESTABILITY = YES;
				ENABLE_USER_SCRIPT_SANDBOXING = YES;
				GCC_C_LANGUAGE_STANDARD = gnu17;
				GCC_DYNAMIC_NO_PIC = NO;
				GCC_NO_COMMON_BLOCKS = YES;
				GCC_OPTIMIZATION_LEVEL = 0;
				GCC_PREPROCESSOR_DEFINITIONS = (
					"DEBUG=1",
					"$(inherited)",
				);
				GCC_WARN_64_TO_32_BIT_CONVERSION = YES;
				GCC_WARN_ABOUT_RETURN_TYPE = YES_ERROR;
				GCC_WARN_UNDECLARED_SELECTOR = YES;
				GCC_WARN_UNINITIALIZED_AUTOS = YES_AGGRESSIVE;
				GCC_WARN_UNUSED_FUNCTION = YES;
				GCC_WARN_UNUSED_VARIABLE = YES;
				IPHONEOS_DEPLOYMENT_TARGET = 13.0;
				LOCALIZATION_PREFERS_STRING_CATALOGS = YES;
				MTL_ENABLE_DEBUG_INFO = INCLUDE_SOURCE;
				MTL_FAST_MATH = YES;
				ONLY_ACTIVE_ARCH = YES;
				SDKROOT = iphoneos;
				SWIFT_ACTIVE_COMPILATION_CONDITIONS = "DEBUG $(inherited)";
				SWIFT_OPTIMIZATION_LEVEL = "-Onone";
				SWIFT_VERSION = 5.0;
			};
			name = Debug;
		};
		DD34F3112D80328F00DDFFF1 /* Release */ = {
			isa = XCBuildConfiguration;
			buildSettings = {
				ALWAYS_SEARCH_USER_PATHS = NO;
				ASSETCATALOG_COMPILER_GENERATE_SWIFT_ASSET_SYMBOL_EXTENSIONS = YES;
				CLANG_ANALYZER_NONNULL = YES;
				CLANG_ANALYZER_NUMBER_OBJECT_CONVERSION = YES_AGGRESSIVE;
				CLANG_CXX_LANGUAGE_STANDARD = "gnu++20";
				CLANG_ENABLE_MODULES = YES;
				CLANG_ENABLE_OBJC_ARC = YES;
				CLANG_ENABLE_OBJC_WEAK = YES;
				CLANG_WARN_BLOCK_CAPTURE_AUTORELEASING = YES;
				CLANG_WARN_BOOL_CONVERSION = YES;
				CLANG_WARN_COMMA = YES;
				CLANG_WARN_CONSTANT_CONVERSION = YES;
				CLANG_WARN_DEPRECATED_OBJC_IMPLEMENTATIONS = YES;
				CLANG_WARN_DIRECT_OBJC_ISA_USAGE = YES_ERROR;
				CLANG_WARN_DOCUMENTATION_COMMENTS = YES;
				CLANG_WARN_EMPTY_BODY = YES;
				CLANG_WARN_ENUM_CONVERSION = YES;
				CLANG_WARN_INFINITE_RECURSION = YES;
				CLANG_WARN_INT_CONVERSION = YES;
				CLANG_WARN_NON_LITERAL_NULL_CONVERSION = YES;
				CLANG_WARN_OBJC_IMPLICIT_RETAIN_SELF = YES;
				CLANG_WARN_OBJC_LITERAL_CONVERSION = YES;
				CLANG_WARN_OBJC_ROOT_CLASS = YES_ERROR;
				CLANG_WARN_QUOTED_INCLUDE_IN_FRAMEWORK_HEADER = YES;
				CLANG_WARN_RANGE_LOOP_ANALYSIS = YES;
				CLANG_WARN_STRICT_PROTOTYPES = YES;
				CLANG_WARN_SUSPICIOUS_MOVE = YES;
				CLANG_WARN_UNGUARDED_AVAILABILITY = YES_AGGRESSIVE;
				CLANG_WARN_UNREACHABLE_CODE = YES;
				CLANG_WARN__DUPLICATE_METHOD_MATCH = YES;
				COPY_PHASE_STRIP = NO;
				DEBUG_INFORMATION_FORMAT = "dwarf-with-dsym";
				ENABLE_NS_ASSERTIONS = NO;
				ENABLE_STRICT_OBJC_MSGSEND = YES;
				ENABLE_USER_SCRIPT_SANDBOXING = YES;
				GCC_C_LANGUAGE_STANDARD = gnu17;
				GCC_NO_COMMON_BLOCKS = YES;
				GCC_WARN_64_TO_32_BIT_CONVERSION = YES;
				GCC_WARN_ABOUT_RETURN_TYPE = YES_ERROR;
				GCC_WARN_UNDECLARED_SELECTOR = YES;
				GCC_WARN_UNINITIALIZED_AUTOS = YES_AGGRESSIVE;
				GCC_WARN_UNUSED_FUNCTION = YES;
				GCC_WARN_UNUSED_VARIABLE = YES;
				IPHONEOS_DEPLOYMENT_TARGET = 13.0;
				LOCALIZATION_PREFERS_STRING_CATALOGS = YES;
				MTL_ENABLE_DEBUG_INFO = NO;
				MTL_FAST_MATH = YES;
				SDKROOT = iphoneos;
				SWIFT_COMPILATION_MODE = wholemodule;
				SWIFT_VERSION = 5.0;
				VALIDATE_PRODUCT = YES;
			};
			name = Release;
		};
		DD34F3132D80328F00DDFFF1 /* Debug */ = {
			isa = XCBuildConfiguration;
			buildSettings = {
				ASSETCATALOG_COMPILER_APPICON_NAME = AppIcon;
				ASSETCATALOG_COMPILER_GLOBAL_ACCENT_COLOR_NAME = AccentColor;
				CODE_SIGN_STYLE = Automatic;
				CURRENT_PROJECT_VERSION = 1;
				DEVELOPMENT_TEAM = LUN7S66RTN;
				GENERATE_INFOPLIST_FILE = YES;
				INFOPLIST_FILE = Cinema/Info.plist;
				INFOPLIST_KEY_UIApplicationSupportsIndirectInputEvents = YES;
				INFOPLIST_KEY_UILaunchStoryboardName = LaunchScreen;
				INFOPLIST_KEY_UIMainStoryboardFile = "";
				INFOPLIST_KEY_UISupportedInterfaceOrientations_iPad = "UIInterfaceOrientationPortrait UIInterfaceOrientationPortraitUpsideDown UIInterfaceOrientationLandscapeLeft UIInterfaceOrientationLandscapeRight";
				INFOPLIST_KEY_UISupportedInterfaceOrientations_iPhone = "UIInterfaceOrientationPortrait UIInterfaceOrientationLandscapeLeft UIInterfaceOrientationLandscapeRight";
				LD_RUNPATH_SEARCH_PATHS = (
					"$(inherited)",
					"@executable_path/Frameworks",
				);
				MARKETING_VERSION = 1.0;
				PRODUCT_BUNDLE_IDENTIFIER = com.dwistari.Cinema;
				PRODUCT_NAME = "$(TARGET_NAME)";
				SWIFT_EMIT_LOC_STRINGS = YES;
				SWIFT_VERSION = 5.0;
				TARGETED_DEVICE_FAMILY = "1,2";
			};
			name = Debug;
		};
		DD34F3142D80328F00DDFFF1 /* Release */ = {
			isa = XCBuildConfiguration;
			buildSettings = {
				ASSETCATALOG_COMPILER_APPICON_NAME = AppIcon;
				ASSETCATALOG_COMPILER_GLOBAL_ACCENT_COLOR_NAME = AccentColor;
				CODE_SIGN_STYLE = Automatic;
				CURRENT_PROJECT_VERSION = 1;
				DEVELOPMENT_TEAM = LUN7S66RTN;
				GENERATE_INFOPLIST_FILE = YES;
				INFOPLIST_FILE = Cinema/Info.plist;
				INFOPLIST_KEY_UIApplicationSupportsIndirectInputEvents = YES;
				INFOPLIST_KEY_UILaunchStoryboardName = LaunchScreen;
				INFOPLIST_KEY_UIMainStoryboardFile = "";
				INFOPLIST_KEY_UISupportedInterfaceOrientations_iPad = "UIInterfaceOrientationPortrait UIInterfaceOrientationPortraitUpsideDown UIInterfaceOrientationLandscapeLeft UIInterfaceOrientationLandscapeRight";
				INFOPLIST_KEY_UISupportedInterfaceOrientations_iPhone = "UIInterfaceOrientationPortrait UIInterfaceOrientationLandscapeLeft UIInterfaceOrientationLandscapeRight";
				LD_RUNPATH_SEARCH_PATHS = (
					"$(inherited)",
					"@executable_path/Frameworks",
				);
				MARKETING_VERSION = 1.0;
				PRODUCT_BUNDLE_IDENTIFIER = com.dwistari.Cinema;
				PRODUCT_NAME = "$(TARGET_NAME)";
				SWIFT_EMIT_LOC_STRINGS = YES;
				SWIFT_VERSION = 5.0;
				TARGETED_DEVICE_FAMILY = "1,2";
			};
			name = Release;
		};
		DD34F3162D80328F00DDFFF1 /* Debug */ = {
			isa = XCBuildConfiguration;
			buildSettings = {
				ALWAYS_EMBED_SWIFT_STANDARD_LIBRARIES = YES;
				BUNDLE_LOADER = "$(TEST_HOST)";
				CODE_SIGN_STYLE = Automatic;
				CURRENT_PROJECT_VERSION = 1;
				DEVELOPMENT_TEAM = LUN7S66RTN;
				GENERATE_INFOPLIST_FILE = YES;
				IPHONEOS_DEPLOYMENT_TARGET = 17.5;
				MARKETING_VERSION = 1.0;
				PRODUCT_BUNDLE_IDENTIFIER = com.dwistari.CinemaTests;
				PRODUCT_NAME = "$(TARGET_NAME)";
				SWIFT_EMIT_LOC_STRINGS = NO;
				SWIFT_VERSION = 5.0;
				TARGETED_DEVICE_FAMILY = "1,2";
				TEST_HOST = "$(BUILT_PRODUCTS_DIR)/Cinema.app/$(BUNDLE_EXECUTABLE_FOLDER_PATH)/Cinema";
			};
			name = Debug;
		};
		DD34F3172D80328F00DDFFF1 /* Release */ = {
			isa = XCBuildConfiguration;
			buildSettings = {
				ALWAYS_EMBED_SWIFT_STANDARD_LIBRARIES = YES;
				BUNDLE_LOADER = "$(TEST_HOST)";
				CODE_SIGN_STYLE = Automatic;
				CURRENT_PROJECT_VERSION = 1;
				DEVELOPMENT_TEAM = LUN7S66RTN;
				GENERATE_INFOPLIST_FILE = YES;
				IPHONEOS_DEPLOYMENT_TARGET = 17.5;
				MARKETING_VERSION = 1.0;
				PRODUCT_BUNDLE_IDENTIFIER = com.dwistari.CinemaTests;
				PRODUCT_NAME = "$(TARGET_NAME)";
				SWIFT_EMIT_LOC_STRINGS = NO;
				SWIFT_VERSION = 5.0;
				TARGETED_DEVICE_FAMILY = "1,2";
				TEST_HOST = "$(BUILT_PRODUCTS_DIR)/Cinema.app/$(BUNDLE_EXECUTABLE_FOLDER_PATH)/Cinema";
			};
			name = Release;
		};
		DD34F3192D80328F00DDFFF1 /* Debug */ = {
			isa = XCBuildConfiguration;
			buildSettings = {
				ALWAYS_EMBED_SWIFT_STANDARD_LIBRARIES = YES;
				CODE_SIGN_STYLE = Automatic;
				CURRENT_PROJECT_VERSION = 1;
				DEVELOPMENT_TEAM = LUN7S66RTN;
				GENERATE_INFOPLIST_FILE = YES;
				MARKETING_VERSION = 1.0;
				PRODUCT_BUNDLE_IDENTIFIER = com.dwistari.CinemaUITests;
				PRODUCT_NAME = "$(TARGET_NAME)";
				SWIFT_EMIT_LOC_STRINGS = NO;
				SWIFT_VERSION = 5.0;
				TARGETED_DEVICE_FAMILY = "1,2";
				TEST_TARGET_NAME = Cinema;
			};
			name = Debug;
		};
		DD34F31A2D80328F00DDFFF1 /* Release */ = {
			isa = XCBuildConfiguration;
			buildSettings = {
				ALWAYS_EMBED_SWIFT_STANDARD_LIBRARIES = YES;
				CODE_SIGN_STYLE = Automatic;
				CURRENT_PROJECT_VERSION = 1;
				DEVELOPMENT_TEAM = LUN7S66RTN;
				GENERATE_INFOPLIST_FILE = YES;
				MARKETING_VERSION = 1.0;
				PRODUCT_BUNDLE_IDENTIFIER = com.dwistari.CinemaUITests;
				PRODUCT_NAME = "$(TARGET_NAME)";
				SWIFT_EMIT_LOC_STRINGS = NO;
				SWIFT_VERSION = 5.0;
				TARGETED_DEVICE_FAMILY = "1,2";
				TEST_TARGET_NAME = Cinema;
			};
			name = Release;
		};
/* End XCBuildConfiguration section */

/* Begin XCConfigurationList section */
		DD34F2E32D80328D00DDFFF1 /* Build configuration list for PBXProject "Cinema" */ = {
			isa = XCConfigurationList;
			buildConfigurations = (
				DD34F3102D80328F00DDFFF1 /* Debug */,
				DD34F3112D80328F00DDFFF1 /* Release */,
			);
			defaultConfigurationIsVisible = 0;
			defaultConfigurationName = Release;
		};
		DD34F3122D80328F00DDFFF1 /* Build configuration list for PBXNativeTarget "Cinema" */ = {
			isa = XCConfigurationList;
			buildConfigurations = (
				DD34F3132D80328F00DDFFF1 /* Debug */,
				DD34F3142D80328F00DDFFF1 /* Release */,
			);
			defaultConfigurationIsVisible = 0;
			defaultConfigurationName = Release;
		};
		DD34F3152D80328F00DDFFF1 /* Build configuration list for PBXNativeTarget "CinemaTests" */ = {
			isa = XCConfigurationList;
			buildConfigurations = (
				DD34F3162D80328F00DDFFF1 /* Debug */,
				DD34F3172D80328F00DDFFF1 /* Release */,
			);
			defaultConfigurationIsVisible = 0;
			defaultConfigurationName = Release;
		};
		DD34F3182D80328F00DDFFF1 /* Build configuration list for PBXNativeTarget "CinemaUITests" */ = {
			isa = XCConfigurationList;
			buildConfigurations = (
				DD34F3192D80328F00DDFFF1 /* Debug */,
				DD34F31A2D80328F00DDFFF1 /* Release */,
			);
			defaultConfigurationIsVisible = 0;
			defaultConfigurationName = Release;
		};
/* End XCConfigurationList section */

/* Begin XCRemoteSwiftPackageReference section */
		DD34F31B2D8038FA00DDFFF1 /* XCRemoteSwiftPackageReference "Alamofire" */ = {
			isa = XCRemoteSwiftPackageReference;
			repositoryURL = "https://github.com/Alamofire/Alamofire.git";
			requirement = {
				kind = upToNextMajorVersion;
				minimumVersion = 5.10.2;
			};
		};
		DD34F31C2D8039D800DDFFF1 /* XCRemoteSwiftPackageReference "Moya" */ = {
			isa = XCRemoteSwiftPackageReference;
			repositoryURL = "https://github.com/Moya/Moya.git";
			requirement = {
				kind = upToNextMajorVersion;
				minimumVersion = 15.0.3;
			};
		};
		DD8C5B022D81872200B10EA7 /* XCRemoteSwiftPackageReference "SkeletonView" */ = {
			isa = XCRemoteSwiftPackageReference;
			repositoryURL = "https://github.com/Juanpe/SkeletonView";
			requirement = {
				kind = upToNextMajorVersion;
				minimumVersion = 1.31.0;
			};
		};
		DD8C5B052D8198E300B10EA7 /* XCRemoteSwiftPackageReference "SDWebImage" */ = {
			isa = XCRemoteSwiftPackageReference;
			repositoryURL = "https://github.com/SDWebImage/SDWebImage.git";
			requirement = {
				kind = upToNextMajorVersion;
				minimumVersion = 5.21.0;
			};
		};
		DD8C5B1D2D81E93800B10EA7 /* XCRemoteSwiftPackageReference "Toast-Swift" */ = {
			isa = XCRemoteSwiftPackageReference;
			repositoryURL = "https://github.com/scalessec/Toast-Swift.git";
			requirement = {
				kind = upToNextMajorVersion;
				minimumVersion = 5.1.1;
			};
		};
		DDBF852F2D8153FF009254B5 /* XCRemoteSwiftPackageReference "RxSwift" */ = {
			isa = XCRemoteSwiftPackageReference;
			repositoryURL = "https://github.com/ReactiveX/RxSwift";
			requirement = {
				kind = upToNextMajorVersion;
				minimumVersion = 6.9.0;
			};
		};
/* End XCRemoteSwiftPackageReference section */

/* Begin XCSwiftPackageProductDependency section */
		DD012A232D823690003B6E65 /* RxTest */ = {
			isa = XCSwiftPackageProductDependency;
			package = DDBF852F2D8153FF009254B5 /* XCRemoteSwiftPackageReference "RxSwift" */;
			productName = RxTest;
		};
		DD012A252D82369C003B6E65 /* RxBlocking */ = {
			isa = XCSwiftPackageProductDependency;
			package = DDBF852F2D8153FF009254B5 /* XCRemoteSwiftPackageReference "RxSwift" */;
			productName = RxBlocking;
		};
		DD8C5AF92D81586700B10EA7 /* RxSwift */ = {
			isa = XCSwiftPackageProductDependency;
			package = DDBF852F2D8153FF009254B5 /* XCRemoteSwiftPackageReference "RxSwift" */;
			productName = RxSwift;
		};
		DD8C5AFC2D815C7700B10EA7 /* RxMoya */ = {
			isa = XCSwiftPackageProductDependency;
			package = DD34F31C2D8039D800DDFFF1 /* XCRemoteSwiftPackageReference "Moya" */;
			productName = RxMoya;
		};
		DD8C5AFE2D815D0100B10EA7 /* RxCocoa */ = {
			isa = XCSwiftPackageProductDependency;
			package = DDBF852F2D8153FF009254B5 /* XCRemoteSwiftPackageReference "RxSwift" */;
			productName = RxCocoa;
		};
		DD8C5B032D81914600B10EA7 /* SkeletonView */ = {
			isa = XCSwiftPackageProductDependency;
			package = DD8C5B022D81872200B10EA7 /* XCRemoteSwiftPackageReference "SkeletonView" */;
			productName = SkeletonView;
		};
		DD8C5B062D8198FE00B10EA7 /* SDWebImage */ = {
			isa = XCSwiftPackageProductDependency;
			package = DD8C5B052D8198E300B10EA7 /* XCRemoteSwiftPackageReference "SDWebImage" */;
			productName = SDWebImage;
		};
		DD8C5B1E2D81E9A600B10EA7 /* Toast */ = {
			isa = XCSwiftPackageProductDependency;
			package = DD8C5B1D2D81E93800B10EA7 /* XCRemoteSwiftPackageReference "Toast-Swift" */;
			productName = Toast;
		};
		DDBF85232D8109C9009254B5 /* Moya */ = {
			isa = XCSwiftPackageProductDependency;
			package = DD34F31C2D8039D800DDFFF1 /* XCRemoteSwiftPackageReference "Moya" */;
			productName = Moya;
		};
/* End XCSwiftPackageProductDependency section */

/* Begin XCVersionGroup section */
		DD8C5B0E2D81D0A400B10EA7 /* MoviesModel.xcdatamodeld */ = {
			isa = XCVersionGroup;
			children = (
				DD8C5B0F2D81D0A400B10EA7 /* MoviesModel.xcdatamodel */,
			);
			currentVersion = DD8C5B0F2D81D0A400B10EA7 /* MoviesModel.xcdatamodel */;
			name = MoviesModel.xcdatamodeld;
			path = /Users/dwistari/Documents/Development/iOS/Cinema/Cinema/Persistence/MoviesModel.xcdatamodeld;
			sourceTree = "<group>";
			versionGroupType = wrapper.xcdatamodel;
		};
/* End XCVersionGroup section */
	};
	rootObject = DD34F2E02D80328D00DDFFF1 /* Project object */;
}
